// !$*UTF8*$!
{
	archiveVersion = 1;
	classes = {
	};
	objectVersion = 77;
	objects = {

/* Begin PBXBuildFile section */
		AC591D782FB9E26E009EE538 /* YouTubeKit in Frameworks */ = {isa = PBXBuildFile; productRef = AC591D772FB9E26E009EE538 /* YouTubeKit */; };
		AC591D892FB9E2BE009EE538 /* YoutubeDL in Frameworks */ = {isa = PBXBuildFile; productRef = AC591D882FB9E2BE009EE538 /* YoutubeDL */; };
		AC591DA82FB9E35C009EE538 /* Kingfisher in Frameworks */ = {isa = PBXBuildFile; productRef = AC591DA72FB9E35C009EE538 /* Kingfisher */; };
		AC591DAB2FB9E36D009EE538 /* KeychainAccess in Frameworks */ = {isa = PBXBuildFile; productRef = AC591DAA2FB9E36D009EE538 /* KeychainAccess */; };
		AC591E152FB9F181009EE538 /* LNPopupUI in Frameworks */ = {isa = PBXBuildFile; productRef = AC591E142FB9F181009EE538 /* LNPopupUI */; };
		AC591E182FB9F2D7009EE538 /* LNPopupUI in Embed Frameworks */ = {isa = PBXBuildFile; productRef = AC591E142FB9F181009EE538 /* LNPopupUI */; settings = {ATTRIBUTES = (CodeSignOnCopy, ); }; };
		AC591F022FB9F300009EE538 /* FFmpeg-iOS-Support in Frameworks */ = {isa = PBXBuildFile; productRef = AC591F012FB9F300009EE538 /* FFmpeg-iOS-Support */; };
		AC5924CE2FBB5F2B009EE538 /* SwimplyPlayIndicator in Frameworks */ = {isa = PBXBuildFile; productRef = AC5924CD2FBB5F2B009EE538 /* SwimplyPlayIndicator */; };
/* End PBXBuildFile section */

/* Begin PBXCopyFilesBuildPhase section */
		AC591E192FB9F2D7009EE538 /* Embed Frameworks */ = {
			isa = PBXCopyFilesBuildPhase;
			buildActionMask = 2147483647;
			dstPath = "";
			dstSubfolderSpec = 10;
			files = (
				AC591E182FB9F2D7009EE538 /* LNPopupUI in Embed Frameworks */,
			);
			name = "Embed Frameworks";
			runOnlyForDeploymentPostprocessing = 0;
		};
/* End PBXCopyFilesBuildPhase section */

/* Begin PBXFileReference section */
		AC591D232FB9BEE5009EE538 /* FreeTube.app */ = {isa = PBXFileReference; explicitFileType = wrapper.application; includeInIndex = 0; path = FreeTube.app; sourceTree = BUILT_PRODUCTS_DIR; };
/* End PBXFileReference section */

/* Begin PBXFileSystemSynchronizedBuildFileExceptionSet section */
		AC591E0B2FB9E72D009EE538 /* Exceptions for "FreeTube" folder in "FreeTube" target */ = {
			isa = PBXFileSystemSynchronizedBuildFileExceptionSet;
			membershipExceptions = (
				Info.plist,
			);
			target = AC591D222FB9BEE5009EE538 /* FreeTube */;
		};
/* End PBXFileSystemSynchronizedBuildFileExceptionSet section */

/* Begin PBXFileSystemSynchronizedRootGroup section */
		AC591D252FB9BEE5009EE538 /* FreeTube */ = {
			isa = PBXFileSystemSynchronizedRootGroup;
			exceptions = (
				AC591E0B2FB9E72D009EE538 /* Exceptions for "FreeTube" folder in "FreeTube" target */,
			);
			path = FreeTube;
			sourceTree = "<group>";
		};
/* End PBXFileSystemSynchronizedRootGroup section */

/* Begin PBXFrameworksBuildPhase section */
		AC591D202FB9BEE5009EE538 /* Frameworks */ = {
			isa = PBXFrameworksBuildPhase;
			buildActionMask = 2147483647;
			files = (
				AC591E152FB9F181009EE538 /* LNPopupUI in Frameworks */,
				AC591DAB2FB9E36D009EE538 /* KeychainAccess in Frameworks */,
				AC591DA82FB9E35C009EE538 /* Kingfisher in Frameworks */,
				AC591D892FB9E2BE009EE538 /* YoutubeDL in Frameworks */,
				AC591D782FB9E26E009EE538 /* YouTubeKit in Frameworks */,
				AC591F022FB9F300009EE538 /* FFmpeg-iOS-Support in Frameworks */,
				AC5924CE2FBB5F2B009EE538 /* SwimplyPlayIndicator in Frameworks */,
			);
			runOnlyForDeploymentPostprocessing = 0;
		};
/* End PBXFrameworksBuildPhase section */

/* Begin PBXGroup section */
		AC591D1A2FB9BEE5009EE538 = {
			isa = PBXGroup;
			children = (
				AC591D252FB9BEE5009EE538 /* FreeTube */,
				AC591D242FB9BEE5009EE538 /* Products */,
			);
			sourceTree = "<group>";
		};
		AC591D242FB9BEE5009EE538 /* Products */ = {
			isa = PBXGroup;
			children = (
				AC591D232FB9BEE5009EE538 /* FreeTube.app */,
			);
			name = Products;
			sourceTree = "<group>";
		};
/* End PBXGroup section */

/* Begin PBXNativeTarget section */
		AC591D222FB9BEE5009EE538 /* FreeTube */ = {
			isa = PBXNativeTarget;
			buildConfigurationList = AC591D2E2FB9BEE7009EE538 /* Build configuration list for PBXNativeTarget "FreeTube" */;
			buildPhases = (
				AC591D1F2FB9BEE5009EE538 /* Sources */,
				AC591D202FB9BEE5009EE538 /* Frameworks */,
				AC591D212FB9BEE5009EE538 /* Resources */,
				AC591E192FB9F2D7009EE538 /* Embed Frameworks */,
			);
			buildRules = (
			);
			dependencies = (
			);
			fileSystemSynchronizedGroups = (
				AC591D252FB9BEE5009EE538 /* FreeTube */,
			);
			name = FreeTube;
			packageProductDependencies = (
				AC591D772FB9E26E009EE538 /* YouTubeKit */,
				AC591D882FB9E2BE009EE538 /* YoutubeDL */,
				AC591DA72FB9E35C009EE538 /* Kingfisher */,
				AC591DAA2FB9E36D009EE538 /* KeychainAccess */,
				AC591E142FB9F181009EE538 /* LNPopupUI */,
				AC591F012FB9F300009EE538 /* FFmpeg-iOS-Support */,
				AC5924CD2FBB5F2B009EE538 /* SwimplyPlayIndicator */,
			);
			productName = FreeTube;
			productReference = AC591D232FB9BEE5009EE538 /* FreeTube.app */;
			productType = "com.apple.product-type.application";
		};
/* End PBXNativeTarget section */

/* Begin PBXProject section */
		AC591D1B2FB9BEE5009EE538 /* Project object */ = {
			isa = PBXProject;
			attributes = {
				BuildIndependentTargetsInParallel = 1;
				LastSwiftUpdateCheck = 2620;
				LastUpgradeCheck = 2620;
				TargetAttributes = {
					AC591D222FB9BEE5009EE538 = {
						CreatedOnToolsVersion = 26.2;
					};
				};
			};
			buildConfigurationList = AC591D1E2FB9BEE5009EE538 /* Build configuration list for PBXProject "FreeTube" */;
			developmentRegion = en;
			hasScannedForEncodings = 0;
			knownRegions = (
				en,
				"zh-Hans",
				ru,
				es,
				Base,
			);
			mainGroup = AC591D1A2FB9BEE5009EE538;
			minimizedProjectReferenceProxies = 1;
			packageReferences = (
				AC591D762FB9E26E009EE538 /* XCRemoteSwiftPackageReference "YouTubeKit" */,
				AC591D872FB9E2BE009EE538 /* XCRemoteSwiftPackageReference "YoutubeDL-iOS" */,
				AC591DA62FB9E35C009EE538 /* XCRemoteSwiftPackageReference "Kingfisher" */,
				AC591DA92FB9E36D009EE538 /* XCRemoteSwiftPackageReference "keychainaccess" */,
				AC591E132FB9F181009EE538 /* XCRemoteSwiftPackageReference "LNPopupUI" */,
				AC591F002FB9F300009EE538 /* XCRemoteSwiftPackageReference "FFmpeg-iOS-Support" */,
				AC5924CC2FBB5F2B009EE538 /* XCRemoteSwiftPackageReference "SwimplyPlayIndicator" */,
			);
			preferredProjectObjectVersion = 77;
			productRefGroup = AC591D242FB9BEE5009EE538 /* Products */;
			projectDirPath = "";
			projectRoot = "";
			targets = (
				AC591D222FB9BEE5009EE538 /* FreeTube */,
			);
		};
/* End PBXProject section */

/* Begin PBXResourcesBuildPhase section */
		AC591D212FB9BEE5009EE538 /* Resources */ = {
			isa = PBXResourcesBuildPhase;
			buildActionMask = 2147483647;
			files = (
			);
			runOnlyForDeploymentPostprocessing = 0;
		};
/* End PBXResourcesBuildPhase section */

/* Begin PBXSourcesBuildPhase section */
		AC591D1F2FB9BEE5009EE538 /* Sources */ = {
			isa = PBXSourcesBuildPhase;
			buildActionMask = 2147483647;
			files = (
			);
			runOnlyForDeploymentPostprocessing = 0;
		};
/* End PBXSourcesBuildPhase section */

/* Begin XCBuildConfiguration section */
		AC591D2C2FB9BEE7009EE538 /* Debug */ = {
			isa = XCBuildConfiguration;
			buildSettings = {
				ALWAYS_SEARCH_USER_PATHS = NO;
				ASSETCATALOG_COMPILER_GENERATE_SWIFT_ASSET_SYMBOL_EXTENSIONS = YES;
				CLANG_ANALYZER_NONNULL = YES;
				CLANG_ANALYZER_NUMBER_OBJECT_CONVERSION = YES_AGGRESSIVE;
				CLANG_CXX_LANGUAGE_STANDARD = "gnu++20";
				CLANG_ENABLE_MODULES = YES;
				CLANG_ENABLE_OBJC_ARC = YES;
				CLANG_ENABLE_OBJC_WEAK = YES;
				CLANG_WARN_BLOCK_CAPTURE_AUTORELEASING = YES;
				CLANG_WARN_BOOL_CONVERSION = YES;
				CLANG_WARN_COMMA = YES;
				CLANG_WARN_CONSTANT_CONVERSION = YES;
				CLANG_WARN_DEPRECATED_OBJC_IMPLEMENTATIONS = YES;
				CLANG_WARN_DIRECT_OBJC_ISA_USAGE = YES_ERROR;
				CLANG_WARN_DOCUMENTATION_COMMENTS = YES;
				CLANG_WARN_EMPTY_BODY = YES;
				CLANG_WARN_ENUM_CONVERSION = YES;
				CLANG_WARN_INFINITE_RECURSION = YES;
				CLANG_WARN_INT_CONVERSION = YES;
				CLANG_WARN_NON_LITERAL_NULL_CONVERSION = YES;
				CLANG_WARN_OBJC_IMPLICIT_RETAIN_SELF = YES;
				CLANG_WARN_OBJC_LITERAL_CONVERSION = YES;
				CLANG_WARN_OBJC_ROOT_CLASS = YES_ERROR;
				CLANG_WARN_QUOTED_INCLUDE_IN_FRAMEWORK_HEADER = YES;
				CLANG_WARN_RANGE_LOOP_ANALYSIS = YES;
				CLANG_WARN_STRICT_PROTOTYPES = YES;
				CLANG_WARN_SUSPICIOUS_MOVE = YES;
				CLANG_WARN_UNGUARDED_AVAILABILITY = YES_AGGRESSIVE;
				CLANG_WARN_UNREACHABLE_CODE = YES;
				CLANG_WARN__DUPLICATE_METHOD_MATCH = YES;
				COPY_PHASE_STRIP = NO;
				DEBUG_INFORMATION_FORMAT = dwarf;
				DEVELOPMENT_TEAM = JF44KH7L29;
				ENABLE_STRICT_OBJC_MSGSEND = YES;
				ENABLE_TESTABILITY = YES;
				ENABLE_USER_SCRIPT_SANDBOXING = YES;
				GCC_C_LANGUAGE_STANDARD = gnu17;
				GCC_DYNAMIC_NO_PIC = NO;
				GCC_NO_COMMON_BLOCKS = YES;
				GCC_OPTIMIZATION_LEVEL = 0;
				GCC_PREPROCESSOR_DEFINITIONS = (
					"DEBUG=1",
					"$(inherited)",
				);
				GCC_WARN_64_TO_32_BIT_CONVERSION = YES;
				GCC_WARN_ABOUT_RETURN_TYPE = YES_ERROR;
				GCC_WARN_UNDECLARED_SELECTOR = YES;
				GCC_WARN_UNINITIALIZED_AUTOS = YES_AGGRESSIVE;
				GCC_WARN_UNUSED_FUNCTION = YES;
				GCC_WARN_UNUSED_VARIABLE = YES;
				IPHONEOS_DEPLOYMENT_TARGET = 17.0;
				LOCALIZATION_PREFERS_STRING_CATALOGS = YES;
				MTL_ENABLE_DEBUG_INFO = INCLUDE_SOURCE;
				MTL_FAST_MATH = YES;
				ONLY_ACTIVE_ARCH = YES;
				SDKROOT = iphoneos;
				SWIFT_ACTIVE_COMPILATION_CONDITIONS = "DEBUG $(inherited)";
				SWIFT_OPTIMIZATION_LEVEL = "-Onone";
			};
			name = Debug;
		};
		AC591D2D2FB9BEE7009EE538 /* Release */ = {
			isa = XCBuildConfiguration;
			buildSettings = {
				ALWAYS_SEARCH_USER_PATHS = NO;
				ASSETCATALOG_COMPILER_GENERATE_SWIFT_ASSET_SYMBOL_EXTENSIONS = YES;
				CLANG_ANALYZER_NONNULL = YES;
				CLANG_ANALYZER_NUMBER_OBJECT_CONVERSION = YES_AGGRESSIVE;
				CLANG_CXX_LANGUAGE_STANDARD = "gnu++20";
				CLANG_ENABLE_MODULES = YES;
				CLANG_ENABLE_OBJC_ARC = YES;
				CLANG_ENABLE_OBJC_WEAK = YES;
				CLANG_WARN_BLOCK_CAPTURE_AUTORELEASING = YES;
				CLANG_WARN_BOOL_CONVERSION = YES;
				CLANG_WARN_COMMA = YES;
				CLANG_WARN_CONSTANT_CONVERSION = YES;
				CLANG_WARN_DEPRECATED_OBJC_IMPLEMENTATIONS = YES;
				CLANG_WARN_DIRECT_OBJC_ISA_USAGE = YES_ERROR;
				CLANG_WARN_DOCUMENTATION_COMMENTS = YES;
				CLANG_WARN_EMPTY_BODY = YES;
				CLANG_WARN_ENUM_CONVERSION = YES;
				CLANG_WARN_INFINITE_RECURSION = YES;
				CLANG_WARN_INT_CONVERSION = YES;
				CLANG_WARN_NON_LITERAL_NULL_CONVERSION = YES;
				CLANG_WARN_OBJC_IMPLICIT_RETAIN_SELF = YES;
				CLANG_WARN_OBJC_LITERAL_CONVERSION = YES;
				CLANG_WARN_OBJC_ROOT_CLASS = YES_ERROR;
				CLANG_WARN_QUOTED_INCLUDE_IN_FRAMEWORK_HEADER = YES;
				CLANG_WARN_RANGE_LOOP_ANALYSIS = YES;
				CLANG_WARN_STRICT_PROTOTYPES = YES;
				CLANG_WARN_SUSPICIOUS_MOVE = YES;
				CLANG_WARN_UNGUARDED_AVAILABILITY = YES_AGGRESSIVE;
				CLANG_WARN_UNREACHABLE_CODE = YES;
				CLANG_WARN__DUPLICATE_METHOD_MATCH = YES;
				COPY_PHASE_STRIP = NO;
				DEBUG_INFORMATION_FORMAT = "dwarf-with-dsym";
				DEVELOPMENT_TEAM = JF44KH7L29;
				ENABLE_NS_ASSERTIONS = NO;
				ENABLE_STRICT_OBJC_MSGSEND = YES;
				ENABLE_USER_SCRIPT_SANDBOXING = YES;
				GCC_C_LANGUAGE_STANDARD = gnu17;
				GCC_NO_COMMON_BLOCKS = YES;
				GCC_WARN_64_TO_32_BIT_CONVERSION = YES;
				GCC_WARN_ABOUT_RETURN_TYPE = YES_ERROR;
				GCC_WARN_UNDECLARED_SELECTOR = YES;
				GCC_WARN_UNINITIALIZED_AUTOS = YES_AGGRESSIVE;
				GCC_WARN_UNUSED_FUNCTION = YES;
				GCC_WARN_UNUSED_VARIABLE = YES;
				IPHONEOS_DEPLOYMENT_TARGET = 17.0;
				LOCALIZATION_PREFERS_STRING_CATALOGS = YES;
				MTL_ENABLE_DEBUG_INFO = NO;
				MTL_FAST_MATH = YES;
				SDKROOT = iphoneos;
				SWIFT_COMPILATION_MODE = wholemodule;
				VALIDATE_PRODUCT = YES;
			};
			name = Release;
		};
		AC591D2F2FB9BEE7009EE538 /* Debug */ = {
			isa = XCBuildConfiguration;
			buildSettings = {
				ASSETCATALOG_COMPILER_APPICON_NAME = FreeTube;
				ASSETCATALOG_COMPILER_GLOBAL_ACCENT_COLOR_NAME = AccentColor;
				ASSETCATALOG_COMPILER_INCLUDE_ALL_APPICON_ASSETS = YES;
				CODE_SIGN_IDENTITY = "Apple Development";
				CODE_SIGN_STYLE = Automatic;
				CURRENT_PROJECT_VERSION = 22;
				DEVELOPMENT_TEAM = 2Z797QJNH7;
				ENABLE_PREVIEWS = YES;
				GENERATE_INFOPLIST_FILE = YES;
				INFOPLIST_FILE = FreeTube/Info.plist;
				INFOPLIST_KEY_CFBundleDisplayName = FreeTube;
				INFOPLIST_KEY_ITSAppUsesNonExemptEncryption = NO;
				INFOPLIST_KEY_LSApplicationCategoryType = "public.app-category.utilities";
				INFOPLIST_KEY_LSSupportsOpeningDocumentsInPlace = YES;
				INFOPLIST_KEY_NSCameraUsageDescription = "FreeTube needs camera access to let you take a photo for your profile picture.";
				INFOPLIST_KEY_UIApplicationSceneManifest_Generation = YES;
				INFOPLIST_KEY_UIApplicationSupportsIndirectInputEvents = YES;
				INFOPLIST_KEY_UILaunchStoryboardName = LaunchScreen;
				INFOPLIST_KEY_UISupportedInterfaceOrientations_iPad = "UIInterfaceOrientationPortrait UIInterfaceOrientationPortraitUpsideDown UIInterfaceOrientationLandscapeLeft UIInterfaceOrientationLandscapeRight";
				INFOPLIST_KEY_UISupportedInterfaceOrientations_iPhone = "UIInterfaceOrientationPortrait UIInterfaceOrientationLandscapeLeft UIInterfaceOrientationLandscapeRight";
				IPHONEOS_DEPLOYMENT_TARGET = 17.0;
				LD_RUNPATH_SEARCH_PATHS = (
					"$(inherited)",
					"@executable_path/Frameworks",
				);
				MARKETING_VERSION = 1.0;
				PRODUCT_BUNDLE_IDENTIFIER = com.leshko.freetube;
				PRODUCT_NAME = "$(TARGET_NAME)";
				PROVISIONING_PROFILE_SPECIFIER = "";
				STRING_CATALOG_GENERATE_SYMBOLS = YES;
				SUPPORTS_MAC_DESIGNED_FOR_IPHONE_IPAD = YES;
				SWIFT_APPROACHABLE_CONCURRENCY = YES;
				SWIFT_DEFAULT_ACTOR_ISOLATION = MainActor;
				SWIFT_EMIT_LOC_STRINGS = YES;
				SWIFT_UPCOMING_FEATURE_MEMBER_IMPORT_VISIBILITY = YES;
				SWIFT_VERSION = 5.0;
				TARGETED_DEVICE_FAMILY = "1,2";
			};
			name = Debug;
		};
		AC591D302FB9BEE7009EE538 /* Release */ = {
			isa = XCBuildConfiguration;
			buildSettings = {
				ASSETCATALOG_COMPILER_APPICON_NAME = FreeTube;
				ASSETCATALOG_COMPILER_GLOBAL_ACCENT_COLOR_NAME = AccentColor;
				ASSETCATALOG_COMPILER_INCLUDE_ALL_APPICON_ASSETS = YES;
				CODE_SIGN_IDENTITY = "Apple Development";
				CODE_SIGN_STYLE = Automatic;
				CURRENT_PROJECT_VERSION = 22;
				DEVELOPMENT_TEAM = 2Z797QJNH7;
				ENABLE_PREVIEWS = YES;
				ENABLE_TESTABILITY = YES;
				GENERATE_INFOPLIST_FILE = YES;
				INFOPLIST_FILE = FreeTube/Info.plist;
				INFOPLIST_KEY_CFBundleDisplayName = FreeTube;
				INFOPLIST_KEY_ITSAppUsesNonExemptEncryption = NO;
				INFOPLIST_KEY_LSApplicationCategoryType = "public.app-category.utilities";
				INFOPLIST_KEY_LSSupportsOpeningDocumentsInPlace = YES;
				INFOPLIST_KEY_NSCameraUsageDescription = "FreeTube needs camera access to let you take a photo for your profile picture.";
				INFOPLIST_KEY_UIApplicationSceneManifest_Generation = YES;
				INFOPLIST_KEY_UIApplicationSupportsIndirectInputEvents = YES;
				INFOPLIST_KEY_UILaunchStoryboardName = LaunchScreen;
				INFOPLIST_KEY_UISupportedInterfaceOrientations_iPad = "UIInterfaceOrientationPortrait UIInterfaceOrientationPortraitUpsideDown UIInterfaceOrientationLandscapeLeft UIInterfaceOrientationLandscapeRight";
				INFOPLIST_KEY_UISupportedInterfaceOrientations_iPhone = "UIInterfaceOrientationPortrait UIInterfaceOrientationLandscapeLeft UIInterfaceOrientationLandscapeRight";
				IPHONEOS_DEPLOYMENT_TARGET = 17.0;
				LD_RUNPATH_SEARCH_PATHS = (
					"$(inherited)",
					"@executable_path/Frameworks",
				);
				MARKETING_VERSION = 1.0;
				PRODUCT_BUNDLE_IDENTIFIER = com.leshko.freetube;
				PRODUCT_NAME = "$(TARGET_NAME)";
				PROVISIONING_PROFILE_SPECIFIER = "";
				STRING_CATALOG_GENERATE_SYMBOLS = YES;
				STRIP_STYLE = debugging;
				SUPPORTS_MAC_DESIGNED_FOR_IPHONE_IPAD = YES;
				SWIFT_APPROACHABLE_CONCURRENCY = NO;
				SWIFT_DEFAULT_ACTOR_ISOLATION = MainActor;
				SWIFT_EMIT_LOC_STRINGS = YES;
				SWIFT_OPTIMIZATION_LEVEL = "-Onone";
				SWIFT_UPCOMING_FEATURE_MEMBER_IMPORT_VISIBILITY = YES;
				SWIFT_VERSION = 5.0;
				TARGETED_DEVICE_FAMILY = "1,2";
			};
			name = Release;
		};
/* End XCBuildConfiguration section */

/* Begin XCConfigurationList section */
		AC591D1E2FB9BEE5009EE538 /* Build configuration list for PBXProject "FreeTube" */ = {
			isa = XCConfigurationList;
			buildConfigurations = (
				AC591D2C2FB9BEE7009EE538 /* Debug */,
				AC591D2D2FB9BEE7009EE538 /* Release */,
			);
			defaultConfigurationIsVisible = 0;
			defaultConfigurationName = Release;
		};
		AC591D2E2FB9BEE7009EE538 /* Build configuration list for PBXNativeTarget "FreeTube" */ = {
			isa = XCConfigurationList;
			buildConfigurations = (
				AC591D2F2FB9BEE7009EE538 /* Debug */,
				AC591D302FB9BEE7009EE538 /* Release */,
			);
			defaultConfigurationIsVisible = 0;
			defaultConfigurationName = Release;
		};
/* End XCConfigurationList section */

/* Begin XCRemoteSwiftPackageReference section */
		AC591D762FB9E26E009EE538 /* XCRemoteSwiftPackageReference "YouTubeKit" */ = {
			isa = XCRemoteSwiftPackageReference;
			repositoryURL = "https://github.com/b5i/YouTubeKit";
			requirement = {
				branch = main;
				kind = branch;
			};
		};
		AC591D872FB9E2BE009EE538 /* XCRemoteSwiftPackageReference "YoutubeDL-iOS" */ = {
			isa = XCRemoteSwiftPackageReference;
			repositoryURL = "https://github.com/kewlbear/YoutubeDL-iOS.git";
			requirement = {
				kind = upToNextMajorVersion;
				minimumVersion = 0.0.9;
			};
		};
		AC591DA62FB9E35C009EE538 /* XCRemoteSwiftPackageReference "Kingfisher" */ = {
			isa = XCRemoteSwiftPackageReference;
			repositoryURL = "https://github.com/onevcat/Kingfisher.git";
			requirement = {
				kind = upToNextMajorVersion;
				minimumVersion = 8.9.0;
			};
		};
		AC591DA92FB9E36D009EE538 /* XCRemoteSwiftPackageReference "keychainaccess" */ = {
			isa = XCRemoteSwiftPackageReference;
			repositoryURL = "https://github.com/kishikawakatsumi/keychainaccess";
			requirement = {
				branch = master;
				kind = branch;
			};
		};
		AC591E132FB9F181009EE538 /* XCRemoteSwiftPackageReference "LNPopupUI" */ = {
			isa = XCRemoteSwiftPackageReference;
			repositoryURL = "https://github.com/LeoNatan/LNPopupUI.git";
			requirement = {
				kind = upToNextMajorVersion;
				minimumVersion = 3.0.2;
			};
		};
		AC591F002FB9F300009EE538 /* XCRemoteSwiftPackageReference "FFmpeg-iOS-Support" */ = {
			isa = XCRemoteSwiftPackageReference;
			repositoryURL = "https://github.com/kewlbear/FFmpeg-iOS-Support";
			requirement = {
				kind = upToNextMajorVersion;
				minimumVersion = 0.0.2;
			};
		};
		AC5924CC2FBB5F2B009EE538 /* XCRemoteSwiftPackageReference "SwimplyPlayIndicator" */ = {
			isa = XCRemoteSwiftPackageReference;
			repositoryURL = "https://github.com/obrhoff/SwimplyPlayIndicator.git";
			requirement = {
				kind = upToNextMajorVersion;
				minimumVersion = 1.2.0;
			};
		};
/* End XCRemoteSwiftPackageReference section */

/* Begin XCSwiftPackageProductDependency section */
		AC591D772FB9E26E009EE538 /* YouTubeKit */ = {
			isa = XCSwiftPackageProductDependency;
			package = AC591D762FB9E26E009EE538 /* XCRemoteSwiftPackageReference "YouTubeKit" */;
			productName = YouTubeKit;
		};
		AC591D882FB9E2BE009EE538 /* YoutubeDL */ = {
			isa = XCSwiftPackageProductDependency;
			package = AC591D872FB9E2BE009EE538 /* XCRemoteSwiftPackageReference "YoutubeDL-iOS" */;
			productName = YoutubeDL;
		};
		AC591DA72FB9E35C009EE538 /* Kingfisher */ = {
			isa = XCSwiftPackageProductDependency;
			package = AC591DA62FB9E35C009EE538 /* XCRemoteSwiftPackageReference "Kingfisher" */;
			productName = Kingfisher;
		};
		AC591DAA2FB9E36D009EE538 /* KeychainAccess */ = {
			isa = XCSwiftPackageProductDependency;
			package = AC591DA92FB9E36D009EE538 /* XCRemoteSwiftPackageReference "keychainaccess" */;
			productName = KeychainAccess;
		};
		AC591E142FB9F181009EE538 /* LNPopupUI */ = {
			isa = XCSwiftPackageProductDependency;
			package = AC591E132FB9F181009EE538 /* XCRemoteSwiftPackageReference "LNPopupUI" */;
			productName = LNPopupUI;
		};
		AC591F012FB9F300009EE538 /* FFmpeg-iOS-Support */ = {
			isa = XCSwiftPackageProductDependency;
			package = AC591F002FB9F300009EE538 /* XCRemoteSwiftPackageReference "FFmpeg-iOS-Support" */;
			productName = "FFmpeg-iOS-Support";
		};
		AC5924CD2FBB5F2B009EE538 /* SwimplyPlayIndicator */ = {
			isa = XCSwiftPackageProductDependency;
			package = AC5924CC2FBB5F2B009EE538 /* XCRemoteSwiftPackageReference "SwimplyPlayIndicator" */;
			productName = SwimplyPlayIndicator;
		};
/* End XCSwiftPackageProductDependency section */
	};
	rootObject = AC591D1B2FB9BEE5009EE538 /* Project object */;
}
